
Microsoft Visual Studio Solution File, Format Version 12.00
# Visual Studio Version 17
VisualStudioVersion = 17.5.33530.505
MinimumVisualStudioVersion = 10.0.40219.1
Project("{8BC9CEB8-8B4A-11D0-8D11-00A0C91BC942}") = "BOJ_15657", "BOJ_15657.vcxproj", "{9BFC0F17-5132-4751-9BB2-809EA1EB08AD}"
EndProject
Global
	GlobalSection(SolutionConfigurationPlatforms) = preSolution
		Debug|x64 = Debug|x64
		Release|x64 = Release|x64
	EndGlobalSection
	GlobalSection(ProjectConfigurationPlatforms) = postSolution
		{9BFC0F17-5132-4751-9BB2-809EA1EB08AD}.Debug|x64.ActiveCfg = Debug|x64
		{9BFC0F17-5132-4751-9BB2-809EA1EB08AD}.Debug|x64.Build.0 = Debug|x64
		{9BFC0F17-5132-4751-9BB2-809EA1EB08AD}.Release|x64.ActiveCfg = Release|x64
		{9BFC0F17-5132-4751-9BB2-809EA1EB08AD}.Release|x64.Build.0 = Release|x64
	EndGlobalSection
	GlobalSection(SolutionProperties) = preSolution
		HideSolutionNode = FALSE
	EndGlobalSection
	GlobalSection(ExtensibilityGlobals) = postSolution
		SolutionGuid = {9380275F-0B57-48E2-B141-466D6738A9C9}
	EndGlobalSection
EndGlobal
